
Microsoft Visual Studio Solution File, Format Version 12.00
# Visual Studio Version 16
VisualStudioVersion = 16.0.30114.105
MinimumVisualStudioVersion = 10.0.40219.1
Project("{2150E333-8FDC-42A3-9474-1A3956D46DE8}") = "src", "src", "{72EDA6E7-9402-4DD2-A120-5CC60B5E2036}"
EndProject
Project("{FAE04EC0-301F-11D3-BF4B-00C04F79EFBC}") = "Resources.Command", "src\Resources.Command\Resources.Command.csproj", "{A8FD4048-3CBA-415E-B453-1C9B939B4F3F}"
EndProject
Project("{FAE04EC0-301F-11D3-BF4B-00C04F79EFBC}") = "Tests", "tests\Tests.csproj", "{3775BCE4-851A-4644-AE1E-A236471A489C}"
EndProject
Project("{2150E333-8FDC-42A3-9474-1A3956D46DE8}") = "cicd", "cicd", "{554FD059-72DB-457C-B885-985EF4762D4D}"
EndProject
Project("{FAE04EC0-301F-11D3-BF4B-00C04F79EFBC}") = "Cicd.Artifacts", "cicd\Cicd.Artifacts\Cicd.Artifacts.csproj", "{3CBB14CC-58F5-415F-A2EE-AB62F1CA3738}"
EndProject
Project("{FAE04EC0-301F-11D3-BF4B-00C04F79EFBC}") = "Cicd.Utils", "cicd\Cicd.Utils\Cicd.Utils.csproj", "{347809C9-4874-4656-88E9-1022C54B9DC8}"
EndProject
Project("{FAE04EC0-301F-11D3-BF4B-00C04F79EFBC}") = "Cicd.BuildDriver", "cicd\Cicd.BuildDriver\Cicd.BuildDriver.csproj", "{F0BE4033-61AC-46E6-8B00-F4478660C8AC}"
EndProject
Project("{FAE04EC0-301F-11D3-BF4B-00C04F79EFBC}") = "Cicd.DeployDriver", "cicd\Cicd.DeployDriver\Cicd.DeployDriver.csproj", "{13890566-B392-4520-B70F-CE41D6B1C563}"
EndProject
Global
	GlobalSection(SolutionConfigurationPlatforms) = preSolution
		Debug|Any CPU = Debug|Any CPU
		Debug|x64 = Debug|x64
		Debug|x86 = Debug|x86
		Release|Any CPU = Release|Any CPU
		Release|x64 = Release|x64
		Release|x86 = Release|x86
	EndGlobalSection
	GlobalSection(SolutionProperties) = preSolution
		HideSolutionNode = FALSE
	EndGlobalSection
	GlobalSection(ProjectConfigurationPlatforms) = postSolution
		{A8FD4048-3CBA-415E-B453-1C9B939B4F3F}.Debug|Any CPU.ActiveCfg = Debug|Any CPU
		{A8FD4048-3CBA-415E-B453-1C9B939B4F3F}.Debug|Any CPU.Build.0 = Debug|Any CPU
		{A8FD4048-3CBA-415E-B453-1C9B939B4F3F}.Debug|x64.ActiveCfg = Debug|Any CPU
		{A8FD4048-3CBA-415E-B453-1C9B939B4F3F}.Debug|x64.Build.0 = Debug|Any CPU
		{A8FD4048-3CBA-415E-B453-1C9B939B4F3F}.Debug|x86.ActiveCfg = Debug|Any CPU
		{A8FD4048-3CBA-415E-B453-1C9B939B4F3F}.Debug|x86.Build.0 = Debug|Any CPU
		{A8FD4048-3CBA-415E-B453-1C9B939B4F3F}.Release|Any CPU.ActiveCfg = Release|Any CPU
		{A8FD4048-3CBA-415E-B453-1C9B939B4F3F}.Release|Any CPU.Build.0 = Release|Any CPU
		{A8FD4048-3CBA-415E-B453-1C9B939B4F3F}.Release|x64.ActiveCfg = Release|Any CPU
		{A8FD4048-3CBA-415E-B453-1C9B939B4F3F}.Release|x64.Build.0 = Release|Any CPU
		{A8FD4048-3CBA-415E-B453-1C9B939B4F3F}.Release|x86.ActiveCfg = Release|Any CPU
		{A8FD4048-3CBA-415E-B453-1C9B939B4F3F}.Release|x86.Build.0 = Release|Any CPU
		{3775BCE4-851A-4644-AE1E-A236471A489C}.Debug|Any CPU.ActiveCfg = Debug|Any CPU
		{3775BCE4-851A-4644-AE1E-A236471A489C}.Debug|Any CPU.Build.0 = Debug|Any CPU
		{3775BCE4-851A-4644-AE1E-A236471A489C}.Debug|x64.ActiveCfg = Debug|Any CPU
		{3775BCE4-851A-4644-AE1E-A236471A489C}.Debug|x64.Build.0 = Debug|Any CPU
		{3775BCE4-851A-4644-AE1E-A236471A489C}.Debug|x86.ActiveCfg = Debug|Any CPU
		{3775BCE4-851A-4644-AE1E-A236471A489C}.Debug|x86.Build.0 = Debug|Any CPU
		{3775BCE4-851A-4644-AE1E-A236471A489C}.Release|Any CPU.ActiveCfg = Release|Any CPU
		{3775BCE4-851A-4644-AE1E-A236471A489C}.Release|Any CPU.Build.0 = Release|Any CPU
		{3775BCE4-851A-4644-AE1E-A236471A489C}.Release|x64.ActiveCfg = Release|Any CPU
		{3775BCE4-851A-4644-AE1E-A236471A489C}.Release|x64.Build.0 = Release|Any CPU
		{3775BCE4-851A-4644-AE1E-A236471A489C}.Release|x86.ActiveCfg = Release|Any CPU
		{3775BCE4-851A-4644-AE1E-A236471A489C}.Release|x86.Build.0 = Release|Any CPU
		{3CBB14CC-58F5-415F-A2EE-AB62F1CA3738}.Debug|Any CPU.ActiveCfg = Debug|Any CPU
		{3CBB14CC-58F5-415F-A2EE-AB62F1CA3738}.Debug|Any CPU.Build.0 = Debug|Any CPU
		{3CBB14CC-58F5-415F-A2EE-AB62F1CA3738}.Debug|x64.ActiveCfg = Debug|Any CPU
		{3CBB14CC-58F5-415F-A2EE-AB62F1CA3738}.Debug|x64.Build.0 = Debug|Any CPU
		{3CBB14CC-58F5-415F-A2EE-AB62F1CA3738}.Debug|x86.ActiveCfg = Debug|Any CPU
		{3CBB14CC-58F5-415F-A2EE-AB62F1CA3738}.Debug|x86.Build.0 = Debug|Any CPU
		{3CBB14CC-58F5-415F-A2EE-AB62F1CA3738}.Release|Any CPU.ActiveCfg = Release|Any CPU
		{3CBB14CC-58F5-415F-A2EE-AB62F1CA3738}.Release|Any CPU.Build.0 = Release|Any CPU
		{3CBB14CC-58F5-415F-A2EE-AB62F1CA3738}.Release|x64.ActiveCfg = Release|Any CPU
		{3CBB14CC-58F5-415F-A2EE-AB62F1CA3738}.Release|x64.Build.0 = Release|Any CPU
		{3CBB14CC-58F5-415F-A2EE-AB62F1CA3738}.Release|x86.ActiveCfg = Release|Any CPU
		{3CBB14CC-58F5-415F-A2EE-AB62F1CA3738}.Release|x86.Build.0 = Release|Any CPU
		{347809C9-4874-4656-88E9-1022C54B9DC8}.Debug|Any CPU.ActiveCfg = Debug|Any CPU
		{347809C9-4874-4656-88E9-1022C54B9DC8}.Debug|Any CPU.Build.0 = Debug|Any CPU
		{347809C9-4874-4656-88E9-1022C54B9DC8}.Debug|x64.ActiveCfg = Debug|Any CPU
		{347809C9-4874-4656-88E9-1022C54B9DC8}.Debug|x64.Build.0 = Debug|Any CPU
		{347809C9-4874-4656-88E9-1022C54B9DC8}.Debug|x86.ActiveCfg = Debug|Any CPU
		{347809C9-4874-4656-88E9-1022C54B9DC8}.Debug|x86.Build.0 = Debug|Any CPU
		{347809C9-4874-4656-88E9-1022C54B9DC8}.Release|Any CPU.ActiveCfg = Release|Any CPU
		{347809C9-4874-4656-88E9-1022C54B9DC8}.Release|Any CPU.Build.0 = Release|Any CPU
		{347809C9-4874-4656-88E9-1022C54B9DC8}.Release|x64.ActiveCfg = Release|Any CPU
		{347809C9-4874-4656-88E9-1022C54B9DC8}.Release|x64.Build.0 = Release|Any CPU
		{347809C9-4874-4656-88E9-1022C54B9DC8}.Release|x86.ActiveCfg = Release|Any CPU
		{347809C9-4874-4656-88E9-1022C54B9DC8}.Release|x86.Build.0 = Release|Any CPU
		{F0BE4033-61AC-46E6-8B00-F4478660C8AC}.Debug|Any CPU.ActiveCfg = Debug|Any CPU
		{F0BE4033-61AC-46E6-8B00-F4478660C8AC}.Debug|Any CPU.Build.0 = Debug|Any CPU
		{F0BE4033-61AC-46E6-8B00-F4478660C8AC}.Debug|x64.ActiveCfg = Debug|Any CPU
		{F0BE4033-61AC-46E6-8B00-F4478660C8AC}.Debug|x64.Build.0 = Debug|Any CPU
		{F0BE4033-61AC-46E6-8B00-F4478660C8AC}.Debug|x86.ActiveCfg = Debug|Any CPU
		{F0BE4033-61AC-46E6-8B00-F4478660C8AC}.Debug|x86.Build.0 = Debug|Any CPU
		{F0BE4033-61AC-46E6-8B00-F4478660C8AC}.Release|Any CPU.ActiveCfg = Release|Any CPU
		{F0BE4033-61AC-46E6-8B00-F4478660C8AC}.Release|Any CPU.Build.0 = Release|Any CPU
		{F0BE4033-61AC-46E6-8B00-F4478660C8AC}.Release|x64.ActiveCfg = Release|Any CPU
		{F0BE4033-61AC-46E6-8B00-F4478660C8AC}.Release|x64.Build.0 = Release|Any CPU
		{F0BE4033-61AC-46E6-8B00-F4478660C8AC}.Release|x86.ActiveCfg = Release|Any CPU
		{F0BE4033-61AC-46E6-8B00-F4478660C8AC}.Release|x86.Build.0 = Release|Any CPU
		{13890566-B392-4520-B70F-CE41D6B1C563}.Debug|Any CPU.ActiveCfg = Debug|Any CPU
		{13890566-B392-4520-B70F-CE41D6B1C563}.Debug|Any CPU.Build.0 = Debug|Any CPU
		{13890566-B392-4520-B70F-CE41D6B1C563}.Debug|x64.ActiveCfg = Debug|Any CPU
		{13890566-B392-4520-B70F-CE41D6B1C563}.Debug|x64.Build.0 = Debug|Any CPU
		{13890566-B392-4520-B70F-CE41D6B1C563}.Debug|x86.ActiveCfg = Debug|Any CPU
		{13890566-B392-4520-B70F-CE41D6B1C563}.Debug|x86.Build.0 = Debug|Any CPU
		{13890566-B392-4520-B70F-CE41D6B1C563}.Release|Any CPU.ActiveCfg = Release|Any CPU
		{13890566-B392-4520-B70F-CE41D6B1C563}.Release|Any CPU.Build.0 = Release|Any CPU
		{13890566-B392-4520-B70F-CE41D6B1C563}.Release|x64.ActiveCfg = Release|Any CPU
		{13890566-B392-4520-B70F-CE41D6B1C563}.Release|x64.Build.0 = Release|Any CPU
		{13890566-B392-4520-B70F-CE41D6B1C563}.Release|x86.ActiveCfg = Release|Any CPU
		{13890566-B392-4520-B70F-CE41D6B1C563}.Release|x86.Build.0 = Release|Any CPU
	EndGlobalSection
	GlobalSection(NestedProjects) = preSolution
		{A8FD4048-3CBA-415E-B453-1C9B939B4F3F} = {72EDA6E7-9402-4DD2-A120-5CC60B5E2036}
		{3CBB14CC-58F5-415F-A2EE-AB62F1CA3738} = {554FD059-72DB-457C-B885-985EF4762D4D}
		{347809C9-4874-4656-88E9-1022C54B9DC8} = {554FD059-72DB-457C-B885-985EF4762D4D}
		{F0BE4033-61AC-46E6-8B00-F4478660C8AC} = {554FD059-72DB-457C-B885-985EF4762D4D}
		{13890566-B392-4520-B70F-CE41D6B1C563} = {554FD059-72DB-457C-B885-985EF4762D4D}
	EndGlobalSection
EndGlobal
