{
  "version": 1,
  "dependencies": {
    "net6.0": {
      "AWSSDK.CloudFormation": {
        "type": "Direct",
        "requested": "[3.7.9.21, )",
        "resolved": "3.7.9.21",
        "contentHash": "dCLjvdsrnqtzwPEociSajKgQq7x0V4nMde5ZyEtPbj7SnOqVvUEJRnwZGcMXKcy0j/T4orPKwW29J81DHDYe5w==",
        "dependencies": {
          "AWSSDK.Core": "[3.7.10.3, 4.0.0)"
        }
      },
      "AWSSDK.ECR": {
        "type": "Direct",
        "requested": "[3.7.4.5, )",
        "resolved": "3.7.4.5",
        "contentHash": "kd71ajcpauVjUecn0caCr//ZGTpanjVIojSmFumeGTF7LJjuKIX5z/n0bfsJlOv62rL9vtnA3O1qTHvSQH8IVw==",
        "dependencies": {
          "AWSSDK.Core": "[3.7.10.3, 4.0.0)"
        }
      },
      "AWSSDK.ECRPublic": {
        "type": "Direct",
        "requested": "[3.7.0.143, )",
        "resolved": "3.7.0.143",
        "contentHash": "V3SE6zqoRkmYAiDWu+lzDwaEeFiY9iyvT4f/3Frncjs3BQ+CM6fMgI/5YmUyhuJVHJFc+bQ5MkMiUH3iqpL9uw==",
        "dependencies": {
          "AWSSDK.Core": "[3.7.10.3, 4.0.0)"
        }
      },
      "StyleCop.Analyzers": {
        "type": "Direct",
        "requested": "[1.2.0-beta.333, )",
        "resolved": "1.2.0-beta.333",
        "contentHash": "o2r6o6TVTb6VdTtWEYT88/SgixcujjZ3gXMktvI/aNkA3y0CxUSVZEL23OjFe4/sDiTvldkdhKEyAQP9Z8r5wA==",
        "dependencies": {
          "StyleCop.Analyzers.Unstable": "1.2.0.333"
        }
      },
      "AWSSDK.Core": {
        "type": "Transitive",
        "resolved": "3.7.10.3",
        "contentHash": "AMGSje0ht58QD31Opaqv986PFy418/XOkF4i2SFoElUxNSiWop1uOjj3jaR8E+0ij/XdMmi4HbHWySEUo/u4Fg=="
      },
      "StyleCop.Analyzers.Unstable": {
        "type": "Transitive",
        "resolved": "1.2.0.333",
        "contentHash": "7mwxcwa3xZnyU71OTqSgntCDpsZ5gkc4saXhuJeyg5Xc+3xiQxzyhy26uG8rVF8Z7GKpXCsHCL3rd5ZomA+a/A=="
      }
    }
  }
}