{
  "version": 1,
  "dependencies": {
    "net6.0": {
      "AWSSDK.CloudFormation": {
        "type": "Direct",
        "requested": "[3.7.11.37, )",
        "resolved": "3.7.11.37",
        "contentHash": "9MW0u6YGtNG1LMDgIbHWOBo6T68uqWEYL38e/qESMVCPv5eGh4UncAA3o08qRzL2w7C0nmRz8RIz8s6Dz3S+EQ==",
        "dependencies": {
          "AWSSDK.Core": "[3.7.13.12, 4.0.0)"
        }
      },
      "AWSSDK.ECR": {
        "type": "Direct",
        "requested": "[3.7.4.76, )",
        "resolved": "3.7.4.76",
        "contentHash": "HUZ9OV1f7UVm/Ih9wkouwaMXVpMnG5CAzX6V3b/cnr8cv4W6row/Jo1Kme3iF9jyfqlKWAwtsC0vTPPierqZNQ==",
        "dependencies": {
          "AWSSDK.Core": "[3.7.13.12, 4.0.0)"
        }
      },
      "AWSSDK.ECRPublic": {
        "type": "Direct",
        "requested": "[3.7.0.214, )",
        "resolved": "3.7.0.214",
        "contentHash": "yOXr32I0pWd64wXM6DTMS+sPN9YrCJHYqT7iQ6vTRaVFqoJlzLPtfXzzoxRY6GMbaVXk5sMtjHIrxpHAAE7qNg==",
        "dependencies": {
          "AWSSDK.Core": "[3.7.13.12, 4.0.0)"
        }
      },
      "StyleCop.Analyzers": {
        "type": "Direct",
        "requested": "[1.2.0-beta.333, )",
        "resolved": "1.2.0-beta.333",
        "contentHash": "o2r6o6TVTb6VdTtWEYT88/SgixcujjZ3gXMktvI/aNkA3y0CxUSVZEL23OjFe4/sDiTvldkdhKEyAQP9Z8r5wA==",
        "dependencies": {
          "StyleCop.Analyzers.Unstable": "1.2.0.333"
        }
      },
      "AWSSDK.Core": {
        "type": "Transitive",
        "resolved": "3.7.13.12",
        "contentHash": "d55x/zTkL7vmD3HguNziBPN1HsSHiniPR/uNH9r7R8i4PVRJP9ppXbciyHPuhWaDziU1poXx50FgyokY/Ukw9w=="
      },
      "StyleCop.Analyzers.Unstable": {
        "type": "Transitive",
        "resolved": "1.2.0.333",
        "contentHash": "7mwxcwa3xZnyU71OTqSgntCDpsZ5gkc4saXhuJeyg5Xc+3xiQxzyhy26uG8rVF8Z7GKpXCsHCL3rd5ZomA+a/A=="
      }
    }
  }
}