{
  "version": 1,
  "dependencies": {
    "net6.0": {
      "AWSSDK.CloudFormation": {
        "type": "Direct",
        "requested": "[3.7.10.12, )",
        "resolved": "3.7.10.12",
        "contentHash": "XkMHIjCfxlCN4Q+KM3EBHbxw2vaWqdYN23+22uXxp2GMZWyQsL/3NEAnC1MuVq1MGZwbag8QShnlduj2oozZXw==",
        "dependencies": {
          "AWSSDK.Core": "[3.7.12.3, 4.0.0)"
        }
      },
      "AWSSDK.ECR": {
        "type": "Direct",
        "requested": "[3.7.4.37, )",
        "resolved": "3.7.4.37",
        "contentHash": "aEpCEs3yhcTEaoC8UzVzyZbzxAxrxbOygYA2/iy/dS+tfxACDkvl6c5VeqvqjL+0DHe+sIrypzofIt6N8WtUjw==",
        "dependencies": {
          "AWSSDK.Core": "[3.7.12.3, 4.0.0)"
        }
      },
      "AWSSDK.ECRPublic": {
        "type": "Direct",
        "requested": "[3.7.0.175, )",
        "resolved": "3.7.0.175",
        "contentHash": "INZR9XXB/hYaQTiGLpYCCJdq0WYUDaUs5KTnYiGB3jEiYLPYoGUD/mlEyPdYaVFpDHxKepwK6ZPyMh+KR1C/hg==",
        "dependencies": {
          "AWSSDK.Core": "[3.7.12.3, 4.0.0)"
        }
      },
      "StyleCop.Analyzers": {
        "type": "Direct",
        "requested": "[1.2.0-beta.333, )",
        "resolved": "1.2.0-beta.333",
        "contentHash": "o2r6o6TVTb6VdTtWEYT88/SgixcujjZ3gXMktvI/aNkA3y0CxUSVZEL23OjFe4/sDiTvldkdhKEyAQP9Z8r5wA==",
        "dependencies": {
          "StyleCop.Analyzers.Unstable": "1.2.0.333"
        }
      },
      "AWSSDK.Core": {
        "type": "Transitive",
        "resolved": "3.7.12.3",
        "contentHash": "l2P2Tf6FE4eDDAbt6wNMVcPfmJaURMo8n/IO/oWvFi56WdfrQmYur+/QNh4hsRt6DT6CnNbpLpGcMQNLUlOmOQ=="
      },
      "StyleCop.Analyzers.Unstable": {
        "type": "Transitive",
        "resolved": "1.2.0.333",
        "contentHash": "7mwxcwa3xZnyU71OTqSgntCDpsZ5gkc4saXhuJeyg5Xc+3xiQxzyhy26uG8rVF8Z7GKpXCsHCL3rd5ZomA+a/A=="
      }
    }
  }
}